
Microsoft Visual Studio Solution File, Format Version 12.00
Project("{FAE04EC0-301F-11D3-BF4B-00C04F79EFBC}") = "DropSort.Core", "DropSort.Core\DropSort.Core.csproj", "{8CE45CA5-FFED-4B37-B05D-CF3F7E441C8C}"
EndProject
Project("{FAE04EC0-301F-11D3-BF4B-00C04F79EFBC}") = "DropSort.Infrastructure", "DropSort.Infrastructure\DropSort.Infrastructure.csproj", "{EE1100C9-D537-4BE1-9917-4DBFD15376D3}"
EndProject
Project("{FAE04EC0-301F-11D3-BF4B-00C04F79EFBC}") = "DropSort.Application", "DropSort.Application\DropSort.Application.csproj", "{27844E5A-02E3-4E8D-9230-E7F17CED9A74}"
EndProject
Project("{FAE04EC0-301F-11D3-BF4B-00C04F79EFBC}") = "DropSort.Worker", "DropSort.Worker\DropSort.Worker.csproj", "{EAE356B3-1D44-4889-95C4-41FFF5F04FB0}"
EndProject
Project("{FAE04EC0-301F-11D3-BF4B-00C04F79EFBC}") = "DropSort.Presentation", "DropSort.Presentation\DropSort.Presentation.csproj", "{E3DE509D-9327-4421-9C2A-F1FB7C614E57}"
EndProject
Project("{2150E333-8FDC-42A3-9474-1A3956D46DE8}") = "src", "src", "{F04ECAB2-0E87-49E8-A668-75DA610DDA6F}"
EndProject
Global
	GlobalSection(SolutionConfigurationPlatforms) = preSolution
		Debug|Any CPU = Debug|Any CPU
		Release|Any CPU = Release|Any CPU
	EndGlobalSection
	GlobalSection(ProjectConfigurationPlatforms) = postSolution
		{8CE45CA5-FFED-4B37-B05D-CF3F7E441C8C}.Debug|Any CPU.ActiveCfg = Debug|Any CPU
		{8CE45CA5-FFED-4B37-B05D-CF3F7E441C8C}.Debug|Any CPU.Build.0 = Debug|Any CPU
		{8CE45CA5-FFED-4B37-B05D-CF3F7E441C8C}.Release|Any CPU.ActiveCfg = Release|Any CPU
		{8CE45CA5-FFED-4B37-B05D-CF3F7E441C8C}.Release|Any CPU.Build.0 = Release|Any CPU
		{EE1100C9-D537-4BE1-9917-4DBFD15376D3}.Debug|Any CPU.ActiveCfg = Debug|Any CPU
		{EE1100C9-D537-4BE1-9917-4DBFD15376D3}.Debug|Any CPU.Build.0 = Debug|Any CPU
		{EE1100C9-D537-4BE1-9917-4DBFD15376D3}.Release|Any CPU.ActiveCfg = Release|Any CPU
		{EE1100C9-D537-4BE1-9917-4DBFD15376D3}.Release|Any CPU.Build.0 = Release|Any CPU
		{27844E5A-02E3-4E8D-9230-E7F17CED9A74}.Debug|Any CPU.ActiveCfg = Debug|Any CPU
		{27844E5A-02E3-4E8D-9230-E7F17CED9A74}.Debug|Any CPU.Build.0 = Debug|Any CPU
		{27844E5A-02E3-4E8D-9230-E7F17CED9A74}.Release|Any CPU.ActiveCfg = Release|Any CPU
		{27844E5A-02E3-4E8D-9230-E7F17CED9A74}.Release|Any CPU.Build.0 = Release|Any CPU
		{EAE356B3-1D44-4889-95C4-41FFF5F04FB0}.Debug|Any CPU.ActiveCfg = Debug|Any CPU
		{EAE356B3-1D44-4889-95C4-41FFF5F04FB0}.Debug|Any CPU.Build.0 = Debug|Any CPU
		{EAE356B3-1D44-4889-95C4-41FFF5F04FB0}.Release|Any CPU.ActiveCfg = Release|Any CPU
		{EAE356B3-1D44-4889-95C4-41FFF5F04FB0}.Release|Any CPU.Build.0 = Release|Any CPU
		{E3DE509D-9327-4421-9C2A-F1FB7C614E57}.Debug|Any CPU.ActiveCfg = Debug|Any CPU
		{E3DE509D-9327-4421-9C2A-F1FB7C614E57}.Debug|Any CPU.Build.0 = Debug|Any CPU
		{E3DE509D-9327-4421-9C2A-F1FB7C614E57}.Release|Any CPU.ActiveCfg = Release|Any CPU
		{E3DE509D-9327-4421-9C2A-F1FB7C614E57}.Release|Any CPU.Build.0 = Release|Any CPU
	EndGlobalSection
	GlobalSection(NestedProjects) = preSolution
		{27844E5A-02E3-4E8D-9230-E7F17CED9A74} = {F04ECAB2-0E87-49E8-A668-75DA610DDA6F}
		{8CE45CA5-FFED-4B37-B05D-CF3F7E441C8C} = {F04ECAB2-0E87-49E8-A668-75DA610DDA6F}
		{EE1100C9-D537-4BE1-9917-4DBFD15376D3} = {F04ECAB2-0E87-49E8-A668-75DA610DDA6F}
		{E3DE509D-9327-4421-9C2A-F1FB7C614E57} = {F04ECAB2-0E87-49E8-A668-75DA610DDA6F}
		{EAE356B3-1D44-4889-95C4-41FFF5F04FB0} = {F04ECAB2-0E87-49E8-A668-75DA610DDA6F}
	EndGlobalSection
EndGlobal
